
Microsoft Visual Studio Solution File, Format Version 12.00
# Visual Studio Version 17
VisualStudioVersion = 17.9.34728.123
MinimumVisualStudioVersion = 10.0.40219.1
Project("{9A19103F-16F7-4668-BE54-9A1E7A4F7556}") = "CVSHealth.IAM.IAPF.Tools.ApplicationShell", "CVSHealth.IAM.IAPF.Tools.ApplicationShell\CVSHealth.IAM.IAPF.Tools.ApplicationShell.csproj", "{D1A5266A-0832-40BB-9365-62D950FDA450}"
EndProject
Project("{9A19103F-16F7-4668-BE54-9A1E7A4F7556}") = "CVSHealth.IAM.IAPF.Tools.WebCoreUtility", "CVSHealth.IAM.IAPF.Tools.WebCoreUtility\CVSHealth.IAM.IAPF.Tools.WebCoreUtility.csproj", "{F7E24779-7AE7-4AD0-9EC4-4386DCBF3607}"
EndProject
Project("{FAE04EC0-301F-11D3-BF4B-00C04F79EFBC}") = "CVSHealth.IAM.IAPF.Tools.ApplicationShell.Tests", "CVSHealth.IAM.IAPF.Tools.ApplicationShell.Tests\CVSHealth.IAM.IAPF.Tools.ApplicationShell.Tests.csproj", "{6AAC353F-A83C-4E10-B577-C60A2A85B1FE}"
EndProject
Global
	GlobalSection(SolutionConfigurationPlatforms) = preSolution
		DEV|Any CPU = DEV|Any CPU
		PROD|Any CPU = PROD|Any CPU
		QA|Any CPU = QA|Any CPU
	EndGlobalSection
	GlobalSection(ProjectConfigurationPlatforms) = postSolution
		{D1A5266A-0832-40BB-9365-62D950FDA450}.DEV|Any CPU.ActiveCfg = DEV|Any CPU
		{D1A5266A-0832-40BB-9365-62D950FDA450}.DEV|Any CPU.Build.0 = DEV|Any CPU
		{D1A5266A-0832-40BB-9365-62D950FDA450}.PROD|Any CPU.ActiveCfg = PROD|Any CPU
		{D1A5266A-0832-40BB-9365-62D950FDA450}.PROD|Any CPU.Build.0 = PROD|Any CPU
		{D1A5266A-0832-40BB-9365-62D950FDA450}.QA|Any CPU.ActiveCfg = QA|Any CPU
		{D1A5266A-0832-40BB-9365-62D950FDA450}.QA|Any CPU.Build.0 = QA|Any CPU
		{F7E24779-7AE7-4AD0-9EC4-4386DCBF3607}.DEV|Any CPU.ActiveCfg = DEV|Any CPU
		{F7E24779-7AE7-4AD0-9EC4-4386DCBF3607}.DEV|Any CPU.Build.0 = DEV|Any CPU
		{F7E24779-7AE7-4AD0-9EC4-4386DCBF3607}.PROD|Any CPU.ActiveCfg = PROD|Any CPU
		{F7E24779-7AE7-4AD0-9EC4-4386DCBF3607}.PROD|Any CPU.Build.0 = PROD|Any CPU
		{F7E24779-7AE7-4AD0-9EC4-4386DCBF3607}.QA|Any CPU.ActiveCfg = QA|Any CPU
		{F7E24779-7AE7-4AD0-9EC4-4386DCBF3607}.QA|Any CPU.Build.0 = QA|Any CPU
		{6AAC353F-A83C-4E10-B577-C60A2A85B1FE}.DEV|Any CPU.ActiveCfg = Debug|Any CPU
		{6AAC353F-A83C-4E10-B577-C60A2A85B1FE}.DEV|Any CPU.Build.0 = Debug|Any CPU
		{6AAC353F-A83C-4E10-B577-C60A2A85B1FE}.PROD|Any CPU.ActiveCfg = Debug|Any CPU
		{6AAC353F-A83C-4E10-B577-C60A2A85B1FE}.PROD|Any CPU.Build.0 = Debug|Any CPU
		{6AAC353F-A83C-4E10-B577-C60A2A85B1FE}.QA|Any CPU.ActiveCfg = Debug|Any CPU
		{6AAC353F-A83C-4E10-B577-C60A2A85B1FE}.QA|Any CPU.Build.0 = Debug|Any CPU
	EndGlobalSection
	GlobalSection(SolutionProperties) = preSolution
		HideSolutionNode = FALSE
	EndGlobalSection
	GlobalSection(ExtensibilityGlobals) = postSolution
		SolutionGuid = {237B6729-B7D1-4FA7-BF15-D535599D08D1}
	EndGlobalSection
EndGlobal
